Microsoft Visual Studio Solution File, Format Version 12.00
# Visual Studio Version 17
VisualStudioVersion = 17.5.2.0
MinimumVisualStudioVersion = 10.0.40219.1
Project("{2150E333-8FDC-42A3-9474-1A3956D46DE8}") = "Graylog", "Graylog", "{C91FF226-16C2-88AC-D370-A18EDD8E4DF2}"
EndProject
Project("{FAE04EC0-301F-11D3-BF4B-00C04F79EFBC}") = "gralogtest", "Graylog\gralogtest\gralogtest.csproj", "{187ABEE2-9D0A-ED2E-63DA-D79140C23D04}"
EndProject
Global
	GlobalSection(SolutionConfigurationPlatforms) = preSolution
		Debug|Any CPU = Debug|Any CPU
		Release|Any CPU = Release|Any CPU
	EndGlobalSection
	GlobalSection(ProjectConfigurationPlatforms) = postSolution
		{187ABEE2-9D0A-ED2E-63DA-D79140C23D04}.Debug|Any CPU.ActiveCfg = Debug|Any CPU
		{187ABEE2-9D0A-ED2E-63DA-D79140C23D04}.Debug|Any CPU.Build.0 = Debug|Any CPU
		{187ABEE2-9D0A-ED2E-63DA-D79140C23D04}.Release|Any CPU.ActiveCfg = Release|Any CPU
		{187ABEE2-9D0A-ED2E-63DA-D79140C23D04}.Release|Any CPU.Build.0 = Release|Any CPU
	EndGlobalSection
	GlobalSection(SolutionProperties) = preSolution
		HideSolutionNode = FALSE
	EndGlobalSection
	GlobalSection(NestedProjects) = preSolution
		{187ABEE2-9D0A-ED2E-63DA-D79140C23D04} = {C91FF226-16C2-88AC-D370-A18EDD8E4DF2}
	EndGlobalSection
	GlobalSection(ExtensibilityGlobals) = postSolution
		SolutionGuid = {9433EA15-ACE8-4050-82A0-625835165A74}
	EndGlobalSection
EndGlobal
